
Microsoft Visual Studio Solution File, Format Version 12.00
# Visual Studio Version 17
VisualStudioVersion = 17.10.34707.107
MinimumVisualStudioVersion = 10.0.40219.1
Project("{FAE04EC0-301F-11D3-BF4B-00C04F79EFBC}") = "Auctions", "Auctions\Auctions.csproj", "{33E578B0-71BD-4F76-88FB-3046C955A47E}"
EndProject
Global
	GlobalSection(SolutionConfigurationPlatforms) = preSolution
		Debug|Any CPU = Debug|Any CPU
		Release|Any CPU = Release|Any CPU
	EndGlobalSection
	GlobalSection(ProjectConfigurationPlatforms) = postSolution
		{33E578B0-71BD-4F76-88FB-3046C955A47E}.Debug|Any CPU.ActiveCfg = Debug|Any CPU
		{33E578B0-71BD-4F76-88FB-3046C955A47E}.Debug|Any CPU.Build.0 = Debug|Any CPU
		{33E578B0-71BD-4F76-88FB-3046C955A47E}.Release|Any CPU.ActiveCfg = Release|Any CPU
		{33E578B0-71BD-4F76-88FB-3046C955A47E}.Release|Any CPU.Build.0 = Release|Any CPU
	EndGlobalSection
	GlobalSection(SolutionProperties) = preSolution
		HideSolutionNode = FALSE
	EndGlobalSection
	GlobalSection(ExtensibilityGlobals) = postSolution
		SolutionGuid = {7BABD9D7-A9AD-49CF-88D4-24A2FAB30C2D}
	EndGlobalSection
EndGlobal
